Microsoft Visual Studio Solution File, Format Version 12.00
# Visual Studio Version 17
VisualStudioVersion = 17.5.2.0
MinimumVisualStudioVersion = 10.0.40219.1
Project("{FAE04EC0-301F-11D3-BF4B-00C04F79EFBC}") = "RivalTranslator", "RivalTranslator.csproj", "{88FD4231-0E0C-9447-A1D4-CA0B0239ADC9}"
EndProject
Global
	GlobalSection(SolutionConfigurationPlatforms) = preSolution
		Debug|Any CPU = Debug|Any CPU
		Release|Any CPU = Release|Any CPU
	EndGlobalSection
	GlobalSection(ProjectConfigurationPlatforms) = postSolution
		{88FD4231-0E0C-9447-A1D4-CA0B0239ADC9}.Debug|Any CPU.ActiveCfg = Debug|Any CPU
		{88FD4231-0E0C-9447-A1D4-CA0B0239ADC9}.Debug|Any CPU.Build.0 = Debug|Any CPU
		{88FD4231-0E0C-9447-A1D4-CA0B0239ADC9}.Release|Any CPU.ActiveCfg = Release|Any CPU
		{88FD4231-0E0C-9447-A1D4-CA0B0239ADC9}.Release|Any CPU.Build.0 = Release|Any CPU
	EndGlobalSection
	GlobalSection(SolutionProperties) = preSolution
		HideSolutionNode = FALSE
	EndGlobalSection
	GlobalSection(ExtensibilityGlobals) = postSolution
		SolutionGuid = {29C896FE-B2F7-4DE1-9668-297157925F59}
	EndGlobalSection
EndGlobal
